
Microsoft Visual Studio Solution File, Format Version 12.00
# Visual Studio 15
VisualStudioVersion = 15.0.27703.2026
MinimumVisualStudioVersion = 10.0.40219.1
Project("{FAE04EC0-301F-11D3-BF4B-00C04F79EFBC}") = "Epaper Editor", "RichText Editor\Epaper Editor.csproj", "{1D427DC4-43C5-4EE3-90CA-35C196762F13}"
EndProject
Global
	GlobalSection(SolutionConfigurationPlatforms) = preSolution
		Debug|Any CPU = Debug|Any CPU
		Release|Any CPU = Release|Any CPU
	EndGlobalSection
	GlobalSection(ProjectConfigurationPlatforms) = postSolution
		{1D427DC4-43C5-4EE3-90CA-35C196762F13}.Debug|Any CPU.ActiveCfg = Debug|Any CPU
		{1D427DC4-43C5-4EE3-90CA-35C196762F13}.Debug|Any CPU.Build.0 = Debug|Any CPU
		{1D427DC4-43C5-4EE3-90CA-35C196762F13}.Release|Any CPU.ActiveCfg = Release|Any CPU
		{1D427DC4-43C5-4EE3-90CA-35C196762F13}.Release|Any CPU.Build.0 = Release|Any CPU
	EndGlobalSection
	GlobalSection(SolutionProperties) = preSolution
		HideSolutionNode = FALSE
	EndGlobalSection
	GlobalSection(ExtensibilityGlobals) = postSolution
		SolutionGuid = {1B32429D-080B-4547-9493-315C8B6B8387}
	EndGlobalSection
EndGlobal
